// !$*UTF8*$!
{
	archiveVersion = 1;
	classes = {
	};
	objectVersion = 56;
	objects = {

/* Begin PBXBuildFile section */
		4A1234567890ABCDEF123456 /* VibeExchangeApp.swift in Sources */ = {isa = PBXBuildFile; fileRef = 4A1234567890ABCDEF123457 /* VibeExchangeApp.swift */; };
		4A1234567890ABCDEF123458 /* ContentView.swift in Sources */ = {isa = PBXBuildFile; fileRef = 4A1234567890ABCDEF123459 /* ContentView.swift */; };
		4A1234567890ABCDEF12345A /* Assets.xcassets in Resources */ = {isa = PBXBuildFile; fileRef = 4A1234567890ABCDEF12345B /* Assets.xcassets */; };
		4A1234567890ABCDEF12345C /* Preview Assets.xcassets in Resources */ = {isa = PBXBuildFile; fileRef = 4A1234567890ABCDEF12345D /* Preview Assets.xcassets */; };
		4A1234567890ABCDEF12345E /* CurrencyService.swift in Sources */ = {isa = PBXBuildFile; fileRef = 4A1234567890ABCDEF12345F /* CurrencyService.swift */; };
		4A1234567890ABCDEF123460 /* CurrencyModels.swift in Sources */ = {isa = PBXBuildFile; fileRef = 4A1234567890ABCDEF123461 /* CurrencyModels.swift */; };
		4A1234567890ABCDEF123462 /* CurrencyViewModel.swift in Sources */ = {isa = PBXBuildFile; fileRef = 4A1234567890ABCDEF123463 /* CurrencyViewModel.swift */; };
		4A1234567890ABCDEF123464 /* CurrencyListView.swift in Sources */ = {isa = PBXBuildFile; fileRef = 4A1234567890ABCDEF123465 /* CurrencyListView.swift */; };
		4A1234567890ABCDEF12346A /* KeychainManager.swift in Sources */ = {isa = PBXBuildFile; fileRef = 4A1234567890ABCDEF12346B /* KeychainManager.swift */; };
		4A1234567890ABCDEF12346C /* Configuration.plist in Resources */ = {isa = PBXBuildFile; fileRef = 4A1234567890ABCDEF12346D /* Configuration.plist */; };
		CC9E09D02E05BE8600317A31 /* Utils.swift in Sources */ = {isa = PBXBuildFile; fileRef = CC9E09CF2E05BE8200317A31 /* Utils.swift */; };
		CC9E09D22E05C67A00317A31 /* CurrencyExchangeView.swift in Sources */ = {isa = PBXBuildFile; fileRef = CC9E09D12E05C66F00317A31 /* CurrencyExchangeView.swift */; };
		CCDF90192DF5DB13004B48BF /* CustomKeyboardView.swift in Sources */ = {isa = PBXBuildFile; fileRef = CCDF90172DF5DB13004B48BF /* CustomKeyboardView.swift */; };
		CCDF901A2DF5DB13004B48BF /* KeypadButton.swift in Sources */ = {isa = PBXBuildFile; fileRef = CCDF90182DF5DB13004B48BF /* KeypadButton.swift */; };
		CCE4F4FB2E064D9800FF1C99 /* HeaderView.swift in Sources */ = {isa = PBXBuildFile; fileRef = CCE4F4FA2E064D9200FF1C99 /* HeaderView.swift */; };
/* End PBXBuildFile section */

/* Begin PBXFileReference section */
		4A1234567890ABCDEF123454 /* VibeExchange.app */ = {isa = PBXFileReference; explicitFileType = wrapper.application; includeInIndex = 0; path = VibeExchange.app; sourceTree = BUILT_PRODUCTS_DIR; };
		4A1234567890ABCDEF123457 /* VibeExchangeApp.swift */ = {isa = PBXFileReference; lastKnownFileType = sourcecode.swift; path = VibeExchangeApp.swift; sourceTree = "<group>"; };
		4A1234567890ABCDEF123459 /* ContentView.swift */ = {isa = PBXFileReference; lastKnownFileType = sourcecode.swift; path = ContentView.swift; sourceTree = "<group>"; };
		4A1234567890ABCDEF12345B /* Assets.xcassets */ = {isa = PBXFileReference; lastKnownFileType = folder.assetcatalog; path = Assets.xcassets; sourceTree = "<group>"; };
		4A1234567890ABCDEF12345D /* Preview Assets.xcassets */ = {isa = PBXFileReference; lastKnownFileType = folder.assetcatalog; path = "Preview Assets.xcassets"; sourceTree = "<group>"; };
		4A1234567890ABCDEF12345F /* CurrencyService.swift */ = {isa = PBXFileReference; lastKnownFileType = sourcecode.swift; path = CurrencyService.swift; sourceTree = "<group>"; };
		4A1234567890ABCDEF123461 /* CurrencyModels.swift */ = {isa = PBXFileReference; lastKnownFileType = sourcecode.swift; path = CurrencyModels.swift; sourceTree = "<group>"; };
		4A1234567890ABCDEF123463 /* CurrencyViewModel.swift */ = {isa = PBXFileReference; lastKnownFileType = sourcecode.swift; path = CurrencyViewModel.swift; sourceTree = "<group>"; };
		4A1234567890ABCDEF123465 /* CurrencyListView.swift */ = {isa = PBXFileReference; lastKnownFileType = sourcecode.swift; path = CurrencyListView.swift; sourceTree = "<group>"; };
		4A1234567890ABCDEF12346B /* KeychainManager.swift */ = {isa = PBXFileReference; lastKnownFileType = sourcecode.swift; path = KeychainManager.swift; sourceTree = "<group>"; };
		4A1234567890ABCDEF12346D /* Configuration.plist */ = {isa = PBXFileReference; lastKnownFileType = text.plist.xml; path = Configuration.plist; sourceTree = "<group>"; };
		4A1234567890ABCDEF12346E /* Info.plist */ = {isa = PBXFileReference; lastKnownFileType = text.plist.xml; path = Info.plist; sourceTree = "<group>"; };
		CC2226BB2DF48E1A00605491 /* Secrets.xcconfig */ = {isa = PBXFileReference; lastKnownFileType = text.xcconfig; path = Secrets.xcconfig; sourceTree = "<group>"; };
		CC9E09CF2E05BE8200317A31 /* Utils.swift */ = {isa = PBXFileReference; lastKnownFileType = sourcecode.swift; path = Utils.swift; sourceTree = "<group>"; };
		CC9E09D12E05C66F00317A31 /* CurrencyExchangeView.swift */ = {isa = PBXFileReference; lastKnownFileType = sourcecode.swift; path = CurrencyExchangeView.swift; sourceTree = "<group>"; };
		CCDF90172DF5DB13004B48BF /* CustomKeyboardView.swift */ = {isa = PBXFileReference; lastKnownFileType = sourcecode.swift; path = CustomKeyboardView.swift; sourceTree = "<group>"; };
		CCDF90182DF5DB13004B48BF /* KeypadButton.swift */ = {isa = PBXFileReference; lastKnownFileType = sourcecode.swift; path = KeypadButton.swift; sourceTree = "<group>"; };
		CCE4F4FA2E064D9200FF1C99 /* HeaderView.swift */ = {isa = PBXFileReference; lastKnownFileType = sourcecode.swift; path = HeaderView.swift; sourceTree = "<group>"; };
/* End PBXFileReference section */

/* Begin PBXFrameworksBuildPhase section */
		4A1234567890ABCDEF123451 /* Frameworks */ = {
			isa = PBXFrameworksBuildPhase;
			buildActionMask = 2147483647;
			files = (
			);
			runOnlyForDeploymentPostprocessing = 0;
		};
/* End PBXFrameworksBuildPhase section */

/* Begin PBXGroup section */
		4A1234567890ABCDEF123449 = {
			isa = PBXGroup;
			children = (
				4A1234567890ABCDEF12344B /* VibeExchange */,
				4A1234567890ABCDEF12344A /* Products */,
			);
			sourceTree = "<group>";
		};
		4A1234567890ABCDEF12344A /* Products */ = {
			isa = PBXGroup;
			children = (
				4A1234567890ABCDEF123454 /* VibeExchange.app */,
			);
			name = Products;
			sourceTree = "<group>";
		};
		4A1234567890ABCDEF12344B /* VibeExchange */ = {
			isa = PBXGroup;
			children = (
				4A1234567890ABCDEF12346E /* Info.plist */,
				4A1234567890ABCDEF12346D /* Configuration.plist */,
				4A1234567890ABCDEF123457 /* VibeExchangeApp.swift */,
				4A1234567890ABCDEF123459 /* ContentView.swift */,
				4A1234567890ABCDEF12346F /* Models */,
				4A1234567890ABCDEF123470 /* Services */,
				4A1234567890ABCDEF123471 /* ViewModels */,
				4A1234567890ABCDEF123472 /* Views */,
				4A1234567890ABCDEF12345B /* Assets.xcassets */,
				4A1234567890ABCDEF123473 /* Preview Content */,
			);
			path = VibeExchange;
			sourceTree = "<group>";
		};
		4A1234567890ABCDEF12346F /* Models */ = {
			isa = PBXGroup;
			children = (
				4A1234567890ABCDEF123461 /* CurrencyModels.swift */,
			);
			path = Models;
			sourceTree = "<group>";
		};
		4A1234567890ABCDEF123470 /* Services */ = {
			isa = PBXGroup;
			children = (
				CC9E09CF2E05BE8200317A31 /* Utils.swift */,
				4A1234567890ABCDEF12345F /* CurrencyService.swift */,
				4A1234567890ABCDEF12346B /* KeychainManager.swift */,
			);
			path = Services;
			sourceTree = "<group>";
		};
		4A1234567890ABCDEF123471 /* ViewModels */ = {
			isa = PBXGroup;
			children = (
				4A1234567890ABCDEF123463 /* CurrencyViewModel.swift */,
			);
			path = ViewModels;
			sourceTree = "<group>";
		};
		4A1234567890ABCDEF123472 /* Views */ = {
			isa = PBXGroup;
			children = (
				CCE4F4FA2E064D9200FF1C99 /* HeaderView.swift */,
				CC9E09D12E05C66F00317A31 /* CurrencyExchangeView.swift */,
				CCDF90172DF5DB13004B48BF /* CustomKeyboardView.swift */,
				CCDF90182DF5DB13004B48BF /* KeypadButton.swift */,
				4A1234567890ABCDEF123465 /* CurrencyListView.swift */,
			);
			path = Views;
			sourceTree = "<group>";
		};
		4A1234567890ABCDEF123473 /* Preview Content */ = {
			isa = PBXGroup;
			children = (
				CC2226BB2DF48E1A00605491 /* Secrets.xcconfig */,
				4A1234567890ABCDEF12345D /* Preview Assets.xcassets */,
			);
			path = "Preview Content";
			sourceTree = "<group>";
		};
/* End PBXGroup section */

/* Begin PBXNativeTarget section */
		4A1234567890ABCDEF123453 /* VibeExchange */ = {
			isa = PBXNativeTarget;
			buildConfigurationList = 4A1234567890ABCDEF123474 /* Build configuration list for PBXNativeTarget "VibeExchange" */;
			buildPhases = (
				4A1234567890ABCDEF123450 /* Sources */,
				4A1234567890ABCDEF123451 /* Frameworks */,
				4A1234567890ABCDEF123452 /* Resources */,
			);
			buildRules = (
			);
			dependencies = (
			);
			name = VibeExchange;
			productName = VibeExchange;
			productReference = 4A1234567890ABCDEF123454 /* VibeExchange.app */;
			productType = "com.apple.product-type.application";
		};
/* End PBXNativeTarget section */

/* Begin PBXProject section */
		4A1234567890ABCDEF123448 /* Project object */ = {
			isa = PBXProject;
			attributes = {
				BuildIndependentTargetsInParallel = 1;
				LastSwiftUpdateCheck = 1500;
				LastUpgradeCheck = 1500;
				TargetAttributes = {
					4A1234567890ABCDEF123453 = {
						CreatedOnToolsVersion = 15.0;
					};
				};
			};
			buildConfigurationList = 4A1234567890ABCDEF12344C /* Build configuration list for PBXProject "VibeExchange" */;
			compatibilityVersion = "Xcode 14.0";
			developmentRegion = en;
			hasScannedForEncodings = 0;
			knownRegions = (
				en,
				Base,
			);
			mainGroup = 4A1234567890ABCDEF123449;
			productRefGroup = 4A1234567890ABCDEF12344A /* Products */;
			projectDirPath = "";
			projectRoot = "";
			targets = (
				4A1234567890ABCDEF123453 /* VibeExchange */,
			);
		};
/* End PBXProject section */

/* Begin PBXResourcesBuildPhase section */
		4A1234567890ABCDEF123452 /* Resources */ = {
			isa = PBXResourcesBuildPhase;
			buildActionMask = 2147483647;
			files = (
				4A1234567890ABCDEF12345C /* Preview Assets.xcassets in Resources */,
				4A1234567890ABCDEF12345A /* Assets.xcassets in Resources */,
				4A1234567890ABCDEF12346C /* Configuration.plist in Resources */,
			);
			runOnlyForDeploymentPostprocessing = 0;
		};
/* End PBXResourcesBuildPhase section */

/* Begin PBXSourcesBuildPhase section */
		4A1234567890ABCDEF123450 /* Sources */ = {
			isa = PBXSourcesBuildPhase;
			buildActionMask = 2147483647;
			files = (
				4A1234567890ABCDEF123458 /* ContentView.swift in Sources */,
				4A1234567890ABCDEF123460 /* CurrencyModels.swift in Sources */,
				4A1234567890ABCDEF123462 /* CurrencyViewModel.swift in Sources */,
				4A1234567890ABCDEF123464 /* CurrencyListView.swift in Sources */,
				CCDF90192DF5DB13004B48BF /* CustomKeyboardView.swift in Sources */,
				CC9E09D02E05BE8600317A31 /* Utils.swift in Sources */,
				CCDF901A2DF5DB13004B48BF /* KeypadButton.swift in Sources */,
				CCE4F4FB2E064D9800FF1C99 /* HeaderView.swift in Sources */,
				4A1234567890ABCDEF12345E /* CurrencyService.swift in Sources */,
				4A1234567890ABCDEF123456 /* VibeExchangeApp.swift in Sources */,
				CC9E09D22E05C67A00317A31 /* CurrencyExchangeView.swift in Sources */,
				4A1234567890ABCDEF12346A /* KeychainManager.swift in Sources */,
			);
			runOnlyForDeploymentPostprocessing = 0;
		};
/* End PBXSourcesBuildPhase section */

/* Begin XCBuildConfiguration section */
		4A1234567890ABCDEF12344D /* Debug */ = {
			isa = XCBuildConfiguration;
			baseConfigurationReference = CC2226BB2DF48E1A00605491 /* Secrets.xcconfig */;
			buildSettings = {
				ALWAYS_SEARCH_USER_PATHS = NO;
				ASSETCATALOG_COMPILER_GENERATE_SWIFT_ASSET_SYMBOL_EXTENSIONS = YES;
				CLANG_ANALYZER_NONNULL = YES;
				CLANG_ANALYZER_NUMBER_OBJECT_CONVERSION = YES_AGGRESSIVE;
				CLANG_CXX_LANGUAGE_STANDARD = "gnu++20";
				CLANG_ENABLE_MODULES = YES;
				CLANG_ENABLE_OBJC_ARC = YES;
				CLANG_ENABLE_OBJC_WEAK = YES;
				CLANG_WARN_BLOCK_CAPTURE_AUTORELEASING = YES;
				CLANG_WARN_BOOL_CONVERSION = YES;
				CLANG_WARN_COMMA = YES;
				CLANG_WARN_CONSTANT_CONVERSION = YES;
				CLANG_WARN_DEPRECATED_OBJC_IMPLEMENTATIONS = YES;
				CLANG_WARN_DIRECT_OBJC_ISA_USAGE = YES_ERROR;
				CLANG_WARN_DOCUMENTATION_COMMENTS = YES;
				CLANG_WARN_EMPTY_BODY = YES;
				CLANG_WARN_ENUM_CONVERSION = YES;
				CLANG_WARN_INFINITE_RECURSION = YES;
				CLANG_WARN_INT_CONVERSION = YES;
				CLANG_WARN_NON_LITERAL_NULL_CONVERSION = YES;
				CLANG_WARN_OBJC_IMPLICIT_RETAIN_SELF = YES;
				CLANG_WARN_OBJC_LITERAL_CONVERSION = YES;
				CLANG_WARN_OBJC_ROOT_CLASS = YES_ERROR;
				CLANG_WARN_QUOTED_INCLUDE_IN_FRAMEWORK_HEADER = YES;
				CLANG_WARN_RANGE_LOOP_ANALYSIS = YES;
				CLANG_WARN_STRICT_PROTOTYPES = YES;
				CLANG_WARN_SUSPICIOUS_MOVE = YES;
				CLANG_WARN_UNGUARDED_AVAILABILITY = YES_AGGRESSIVE;
				CLANG_WARN_UNREACHABLE_CODE = YES;
				CLANG_WARN__DUPLICATE_METHOD_MATCH = YES;
				COPY_PHASE_STRIP = NO;
				DEBUG_INFORMATION_FORMAT = dwarf;
				ENABLE_STRICT_OBJC_MSGSEND = YES;
				ENABLE_TESTABILITY = YES;
				ENABLE_USER_SCRIPT_SANDBOXING = YES;
				GCC_C_LANGUAGE_STANDARD = gnu17;
				GCC_DYNAMIC_NO_PIC = NO;
				GCC_NO_COMMON_BLOCKS = YES;
				GCC_OPTIMIZATION_LEVEL = 0;
				GCC_PREPROCESSOR_DEFINITIONS = (
					"DEBUG=1",
					"$(inherited)",
				);
				GCC_WARN_64_TO_32_BIT_CONVERSION = YES;
				GCC_WARN_ABOUT_RETURN_TYPE = YES_ERROR;
				GCC_WARN_UNDECLARED_SELECTOR = YES;
				GCC_WARN_UNINITIALIZED_AUTOS = YES_AGGRESSIVE;
				GCC_WARN_UNUSED_FUNCTION = YES;
				GCC_WARN_UNUSED_VARIABLE = YES;
				IPHONEOS_DEPLOYMENT_TARGET = 17.0;
				LOCALIZATION_PREFERS_STRING_CATALOGS = YES;
				MTL_ENABLE_DEBUG_INFO = INCLUDE_SOURCE;
				MTL_FAST_MATH = YES;
				ONLY_ACTIVE_ARCH = YES;
				SDKROOT = iphoneos;
				SWIFT_ACTIVE_COMPILATION_CONDITIONS = "DEBUG $(inherited)";
				SWIFT_OPTIMIZATION_LEVEL = "-Onone";
			};
			name = Debug;
		};
		4A1234567890ABCDEF12344E /* Release */ = {
			isa = XCBuildConfiguration;
			baseConfigurationReference = CC2226BB2DF48E1A00605491 /* Secrets.xcconfig */;
			buildSettings = {
				ALWAYS_SEARCH_USER_PATHS = NO;
				ASSETCATALOG_COMPILER_GENERATE_SWIFT_ASSET_SYMBOL_EXTENSIONS = YES;
				CLANG_ANALYZER_NONNULL = YES;
				CLANG_ANALYZER_NUMBER_OBJECT_CONVERSION = YES_AGGRESSIVE;
				CLANG_CXX_LANGUAGE_STANDARD = "gnu++20";
				CLANG_ENABLE_MODULES = YES;
				CLANG_ENABLE_OBJC_ARC = YES;
				CLANG_ENABLE_OBJC_WEAK = YES;
				CLANG_WARN_BLOCK_CAPTURE_AUTORELEASING = YES;
				CLANG_WARN_BOOL_CONVERSION = YES;
				CLANG_WARN_COMMA = YES;
				CLANG_WARN_CONSTANT_CONVERSION = YES;
				CLANG_WARN_DEPRECATED_OBJC_IMPLEMENTATIONS = YES;
				CLANG_WARN_DIRECT_OBJC_ISA_USAGE = YES_ERROR;
				CLANG_WARN_DOCUMENTATION_COMMENTS = YES;
				CLANG_WARN_EMPTY_BODY = YES;
				CLANG_WARN_ENUM_CONVERSION = YES;
				CLANG_WARN_INFINITE_RECURSION = YES;
				CLANG_WARN_INT_CONVERSION = YES;
				CLANG_WARN_NON_LITERAL_NULL_CONVERSION = YES;
				CLANG_WARN_OBJC_IMPLICIT_RETAIN_SELF = YES;
				CLANG_WARN_OBJC_LITERAL_CONVERSION = YES;
				CLANG_WARN_OBJC_ROOT_CLASS = YES_ERROR;
				CLANG_WARN_QUOTED_INCLUDE_IN_FRAMEWORK_HEADER = YES;
				CLANG_WARN_RANGE_LOOP_ANALYSIS = YES;
				CLANG_WARN_STRICT_PROTOTYPES = YES;
				CLANG_WARN_SUSPICIOUS_MOVE = YES;
				CLANG_WARN_UNGUARDED_AVAILABILITY = YES_AGGRESSIVE;
				CLANG_WARN_UNREACHABLE_CODE = YES;
				CLANG_WARN__DUPLICATE_METHOD_MATCH = YES;
				COPY_PHASE_STRIP = NO;
				DEBUG_INFORMATION_FORMAT = "dwarf-with-dsym";
				ENABLE_NS_ASSERTIONS = NO;
				ENABLE_STRICT_OBJC_MSGSEND = YES;
				ENABLE_USER_SCRIPT_SANDBOXING = YES;
				GCC_C_LANGUAGE_STANDARD = gnu17;
				GCC_NO_COMMON_BLOCKS = YES;
				GCC_WARN_64_TO_32_BIT_CONVERSION = YES;
				GCC_WARN_ABOUT_RETURN_TYPE = YES_ERROR;
				GCC_WARN_UNDECLARED_SELECTOR = YES;
				GCC_WARN_UNINITIALIZED_AUTOS = YES_AGGRESSIVE;
				GCC_WARN_UNUSED_FUNCTION = YES;
				GCC_WARN_UNUSED_VARIABLE = YES;
				IPHONEOS_DEPLOYMENT_TARGET = 17.0;
				LOCALIZATION_PREFERS_STRING_CATALOGS = YES;
				MTL_ENABLE_DEBUG_INFO = NO;
				MTL_FAST_MATH = YES;
				SDKROOT = iphoneos;
				SWIFT_COMPILATION_MODE = wholemodule;
				VALIDATE_PRODUCT = YES;
			};
			name = Release;
		};
		4A1234567890ABCDEF123475 /* Debug */ = {
			isa = XCBuildConfiguration;
			buildSettings = {
				ASSETCATALOG_COMPILER_APPICON_NAME = AppIcon;
				ASSETCATALOG_COMPILER_GLOBAL_ACCENT_COLOR_NAME = AccentColor;
				CODE_SIGN_STYLE = Automatic;
				CURRENT_PROJECT_VERSION = 1;
				DEVELOPMENT_ASSET_PATHS = "\"VibeExchange/Preview Content\"";
				DEVELOPMENT_TEAM = WMBDQHRKX4;
				ENABLE_PREVIEWS = YES;
				GENERATE_INFOPLIST_FILE = YES;
				INFOPLIST_FILE = VibeExchange/Info.plist;
				INFOPLIST_KEY_CFBundleDisplayName = "Vibe Exchange";
				INFOPLIST_KEY_LSApplicationCategoryType = "public.app-category.travel";
				INFOPLIST_KEY_UIApplicationSupportsIndirectInputEvents = YES;
				INFOPLIST_KEY_UIRequiredDeviceCapabilities = armv7;
				INFOPLIST_KEY_UISupportedInterfaceOrientations = UIInterfaceOrientationPortrait;
				LD_RUNPATH_SEARCH_PATHS = (
					"$(inherited)",
					"@executable_path/Frameworks",
				);
				MARKETING_VERSION = 0.1;
				PRODUCT_BUNDLE_IDENTIFIER = com.route12b.VibeExchange;
				PRODUCT_NAME = "$(TARGET_NAME)";
				SUPPORTED_PLATFORMS = "iphoneos iphonesimulator";
				SUPPORTS_MACCATALYST = NO;
				SUPPORTS_MAC_DESIGNED_FOR_IPHONE_IPAD = NO;
				SWIFT_EMIT_LOC_STRINGS = YES;
				SWIFT_VERSION = 5.0;
				TARGETED_DEVICE_FAMILY = 1;
			};
			name = Debug;
		};
		4A1234567890ABCDEF123476 /* Release */ = {
			isa = XCBuildConfiguration;
			buildSettings = {
				ASSETCATALOG_COMPILER_APPICON_NAME = AppIcon;
				ASSETCATALOG_COMPILER_GLOBAL_ACCENT_COLOR_NAME = AccentColor;
				CODE_SIGN_STYLE = Automatic;
				CURRENT_PROJECT_VERSION = 1;
				DEVELOPMENT_ASSET_PATHS = "\"VibeExchange/Preview Content\"";
				DEVELOPMENT_TEAM = WMBDQHRKX4;
				ENABLE_PREVIEWS = YES;
				GENERATE_INFOPLIST_FILE = YES;
				INFOPLIST_FILE = VibeExchange/Info.plist;
				INFOPLIST_KEY_CFBundleDisplayName = "Vibe Exchange";
				INFOPLIST_KEY_LSApplicationCategoryType = "public.app-category.travel";
				INFOPLIST_KEY_UIApplicationSupportsIndirectInputEvents = YES;
				INFOPLIST_KEY_UIRequiredDeviceCapabilities = armv7;
				INFOPLIST_KEY_UISupportedInterfaceOrientations = UIInterfaceOrientationPortrait;
				LD_RUNPATH_SEARCH_PATHS = (
					"$(inherited)",
					"@executable_path/Frameworks",
				);
				MARKETING_VERSION = 0.1;
				PRODUCT_BUNDLE_IDENTIFIER = com.route12b.VibeExchange;
				PRODUCT_NAME = "$(TARGET_NAME)";
				SUPPORTED_PLATFORMS = "iphoneos iphonesimulator";
				SUPPORTS_MACCATALYST = NO;
				SUPPORTS_MAC_DESIGNED_FOR_IPHONE_IPAD = NO;
				SWIFT_EMIT_LOC_STRINGS = YES;
				SWIFT_VERSION = 5.0;
				TARGETED_DEVICE_FAMILY = 1;
			};
			name = Release;
		};
/* End XCBuildConfiguration section */

/* Begin XCConfigurationList section */
		4A1234567890ABCDEF12344C /* Build configuration list for PBXProject "VibeExchange" */ = {
			isa = XCConfigurationList;
			buildConfigurations = (
				4A1234567890ABCDEF12344D /* Debug */,
				4A1234567890ABCDEF12344E /* Release */,
			);
			defaultConfigurationIsVisible = 0;
			defaultConfigurationName = Release;
		};
		4A1234567890ABCDEF123474 /* Build configuration list for PBXNativeTarget "VibeExchange" */ = {
			isa = XCConfigurationList;
			buildConfigurations = (
				4A1234567890ABCDEF123475 /* Debug */,
				4A1234567890ABCDEF123476 /* Release */,
			);
			defaultConfigurationIsVisible = 0;
			defaultConfigurationName = Release;
		};
/* End XCConfigurationList section */
	};
	rootObject = 4A1234567890ABCDEF123448 /* Project object */;
}
